{
  "lockfile-version": 1,
  "manifest": {
    "version": 1,
    "install": {
      "commitizen": {
        "pkg-path": "commitizen"
      },
      "pre-commit": {
        "pkg-path": "pre-commit"
      },
      "python313": {
        "pkg-path": "python313"
      },
      "uv": {
        "pkg-path": "uv"
      }
    },
    "hook": {},
    "profile": {},
    "options": {}
  },
  "packages": [
    {
      "attr_path": "commitizen",
      "broken": false,
      "derivation": "/nix/store/l2h4cmv9jdc37zhd3xkp36m09f0lnx6g-python3.13-commitizen-4.9.1.drv",
      "description": "Tool to create committing rules for projects, auto bump versions, and generate changelogs",
      "install_id": "commitizen",
      "license": "MIT",
      "locked_url": "https://github.com/flox/nixpkgs?rev=addf7cf5f383a3101ecfba091b98d0a1263dc9b8",
      "name": "python3.13-commitizen-4.9.1",
      "pname": "commitizen",
      "rev": "addf7cf5f383a3101ecfba091b98d0a1263dc9b8",
      "rev_count": 908783,
      "rev_date": "2025-12-08T09:27:56Z",
      "scrape_date": "2025-12-10T02:54:43.989933Z",
      "stabilities": [
        "unstable"
      ],
      "unfree": false,
      "version": "4.9.1",
      "outputs_to_install": [
        "out"
      ],
      "outputs": {
        "dist": "/nix/store/flf1d4kahrj6hdbilw4s3kykpwlasdhl-python3.13-commitizen-4.9.1-dist",
        "out": "/nix/store/v1xc2787s2qa46qmhi65j8c9gx5vmkdx-python3.13-commitizen-4.9.1"
      },
      "system": "aarch64-darwin",
      "group": "toplevel",
      "priority": 5
    },
    {
      "attr_path": "commitizen",
      "broken": false,
      "derivation": "/nix/store/yv4p7zbfj8n6ibnwj9nidx9kmjhdbxys-python3.13-commitizen-4.9.1.drv",
      "description": "Tool to create committing rules for projects, auto bump versions, and generate changelogs",
      "install_id": "commitizen",
      "license": "MIT",
      "locked_url": "https://github.com/flox/nixpkgs?rev=addf7cf5f383a3101ecfba091b98d0a1263dc9b8",
      "name": "python3.13-commitizen-4.9.1",
      "pname": "commitizen",
      "rev": "addf7cf5f383a3101ecfba091b98d0a1263dc9b8",
      "rev_count": 908783,
      "rev_date": "2025-12-08T09:27:56Z",
      "scrape_date": "2025-12-10T03:03:54.486437Z",
      "stabilities": [
        "unstable"
      ],
      "unfree": false,
      "version": "4.9.1",
      "outputs_to_install": [
        "out"
      ],
      "outputs": {
        "dist": "/nix/store/dm9yw9lxjk7sc5d99y9y6m0al8wiplqy-python3.13-commitizen-4.9.1-dist",
        "out": "/nix/store/8jnxbf5acrdarmmysy8r5jjhk6f3kp4k-python3.13-commitizen-4.9.1"
      },
      "system": "aarch64-linux",
      "group": "toplevel",
      "priority": 5
    },
    {
      "attr_path": "commitizen",
      "broken": false,
      "derivation": "/nix/store/70hv2szfyq2laz8g8jbs9dw020h1smhr-python3.13-commitizen-4.9.1.drv",
      "description": "Tool to create committing rules for projects, auto bump versions, and generate changelogs",
      "install_id": "commitizen",
      "license": "MIT",
      "locked_url": "https://github.com/flox/nixpkgs?rev=addf7cf5f383a3101ecfba091b98d0a1263dc9b8",
      "name": "python3.13-commitizen-4.9.1",
      "pname": "commitizen",
      "rev": "addf7cf5f383a3101ecfba091b98d0a1263dc9b8",
      "rev_count": 908783,
      "rev_date": "2025-12-08T09:27:56Z",
      "scrape_date": "2025-12-10T03:13:57.893757Z",
      "stabilities": [
        "unstable"
      ],
      "unfree": false,
      "version": "4.9.1",
      "outputs_to_install": [
        "out"
      ],
      "outputs": {
        "dist": "/nix/store/gg0rxzg3dspnq47l8i78vqs6zgqs4wr0-python3.13-commitizen-4.9.1-dist",
        "out": "/nix/store/y0j7ayz0jr1raira3g269h7m64yrgwya-python3.13-commitizen-4.9.1"
      },
      "system": "x86_64-darwin",
      "group": "toplevel",
      "priority": 5
    },
    {
      "attr_path": "commitizen",
      "broken": false,
      "derivation": "/nix/store/78nidxpfcdq6q7fldphihy0x5gj9yrd2-python3.13-commitizen-4.9.1.drv",
      "description": "Tool to create committing rules for projects, auto bump versions, and generate changelogs",
      "install_id": "commitizen",
      "license": "MIT",
      "locked_url": "https://github.com/flox/nixpkgs?rev=addf7cf5f383a3101ecfba091b98d0a1263dc9b8",
      "name": "python3.13-commitizen-4.9.1",
      "pname": "commitizen",
      "rev": "addf7cf5f383a3101ecfba091b98d0a1263dc9b8",
      "rev_count": 908783,
      "rev_date": "2025-12-08T09:27:56Z",
      "scrape_date": "2025-12-10T03:23:17.776312Z",
      "stabilities": [
        "unstable"
      ],
      "unfree": false,
      "version": "4.9.1",
      "outputs_to_install": [
        "out"
      ],
      "outputs": {
        "dist": "/nix/store/vqgdi4rpwqqwnlb00lh6gy5xlx22kh12-python3.13-commitizen-4.9.1-dist",
        "out": "/nix/store/2lz92dfxc7ffglacgb62h7c2lyyzfj90-python3.13-commitizen-4.9.1"
      },
      "system": "x86_64-linux",
      "group": "toplevel",
      "priority": 5
    },
    {
      "attr_path": "pre-commit",
      "broken": false,
      "derivation": "/nix/store/v0pqg0x6mdg0msjsi39kqqixm5swcmxd-pre-commit-4.5.0.drv",
      "description": "Framework for managing and maintaining multi-language pre-commit hooks",
      "install_id": "pre-commit",
      "license": "MIT",
      "locked_url": "https://github.com/flox/nixpkgs?rev=addf7cf5f383a3101ecfba091b98d0a1263dc9b8",
      "name": "pre-commit-4.5.0",
      "pname": "pre-commit",
      "rev": "addf7cf5f383a3101ecfba091b98d0a1263dc9b8",
      "rev_count": 908783,
      "rev_date": "2025-12-08T09:27:56Z",
      "scrape_date": "2025-12-10T02:55:20.715543Z",
      "stabilities": [
        "unstable"
      ],
      "unfree": false,
      "version": "4.5.0",
      "outputs_to_install": [
        "out"
      ],
      "outputs": {
        "dist": "/nix/store/1laiwl4i8f23d7faqvxbcq954sxy247j-pre-commit-4.5.0-dist",
        "out": "/nix/store/kbsd895yi5zzlnnyzlb314kqzkjcxirm-pre-commit-4.5.0"
      },
      "system": "aarch64-darwin",
      "group": "toplevel",
      "priority": 5
    },
    {
      "attr_path": "pre-commit",
      "broken": false,
      "derivation": "/nix/store/2fd8jhih5p7932zzg7vyvhmk6m87ya3x-pre-commit-4.5.0.drv",
      "description": "Framework for managing and maintaining multi-language pre-commit hooks",
      "install_id": "pre-commit",
      "license": "MIT",
      "locked_url": "https://github.com/flox/nixpkgs?rev=addf7cf5f383a3101ecfba091b98d0a1263dc9b8",
      "name": "pre-commit-4.5.0",
      "pname": "pre-commit",
      "rev": "addf7cf5f383a3101ecfba091b98d0a1263dc9b8",
      "rev_count": 908783,
      "rev_date": "2025-12-08T09:27:56Z",
      "scrape_date": "2025-12-10T03:04:54.193895Z",
      "stabilities": [
        "unstable"
      ],
      "unfree": false,
      "version": "4.5.0",
      "outputs_to_install": [
        "out"
      ],
      "outputs": {
        "dist": "/nix/store/7pwsavmn3fwpc06b88lxavlhjmmrp0jl-pre-commit-4.5.0-dist",
        "out": "/nix/store/9wcnpjj79915r15cgahl7s9kz9s1d6cz-pre-commit-4.5.0"
      },
      "system": "aarch64-linux",
      "group": "toplevel",
      "priority": 5
    },
    {
      "attr_path": "pre-commit",
      "broken": false,
      "derivation": "/nix/store/5aw5dm74j9x1y2dw5s3sbgkhrn7q06fy-pre-commit-4.5.0.drv",
      "description": "Framework for managing and maintaining multi-language pre-commit hooks",
      "install_id": "pre-commit",
      "license": "MIT",
      "locked_url": "https://github.com/flox/nixpkgs?rev=addf7cf5f383a3101ecfba091b98d0a1263dc9b8",
      "name": "pre-commit-4.5.0",
      "pname": "pre-commit",
      "rev": "addf7cf5f383a3101ecfba091b98d0a1263dc9b8",
      "rev_count": 908783,
      "rev_date": "2025-12-08T09:27:56Z",
      "scrape_date": "2025-12-10T03:14:36.764007Z",
      "stabilities": [
        "unstable"
      ],
      "unfree": false,
      "version": "4.5.0",
      "outputs_to_install": [
        "out"
      ],
      "outputs": {
        "dist": "/nix/store/pzkk3zs6wgq0d1dsm3ri24hxp7c81h1h-pre-commit-4.5.0-dist",
        "out": "/nix/store/vkbhfi3vphnas6347gbxsdh8pwnj5cl6-pre-commit-4.5.0"
      },
      "system": "x86_64-darwin",
      "group": "toplevel",
      "priority": 5
    },
    {
      "attr_path": "pre-commit",
      "broken": false,
      "derivation": "/nix/store/3w9393hd0p57w0a40nh1c3s2nk11lcpc-pre-commit-4.5.0.drv",
      "description": "Framework for managing and maintaining multi-language pre-commit hooks",
      "install_id": "pre-commit",
      "license": "MIT",
      "locked_url": "https://github.com/flox/nixpkgs?rev=addf7cf5f383a3101ecfba091b98d0a1263dc9b8",
      "name": "pre-commit-4.5.0",
      "pname": "pre-commit",
      "rev": "addf7cf5f383a3101ecfba091b98d0a1263dc9b8",
      "rev_count": 908783,
      "rev_date": "2025-12-08T09:27:56Z",
      "scrape_date": "2025-12-10T03:24:21.062727Z",
      "stabilities": [
        "unstable"
      ],
      "unfree": false,
      "version": "4.5.0",
      "outputs_to_install": [
        "out"
      ],
      "outputs": {
        "dist": "/nix/store/n6dxcjwniqcgp9vqnypi82057brqz24w-pre-commit-4.5.0-dist",
        "out": "/nix/store/hhzpwcr2r29603ygc147wr58vlkf4qv5-pre-commit-4.5.0"
      },
      "system": "x86_64-linux",
      "group": "toplevel",
      "priority": 5
    },
    {
      "attr_path": "python313",
      "broken": false,
      "derivation": "/nix/store/6njqakbkci2h765gyj0q9rcmkfy38hya-python3-3.13.9.drv",
      "description": "High-level dynamically-typed programming language",
      "install_id": "python313",
      "license": "Python-2.0",
      "locked_url": "https://github.com/flox/nixpkgs?rev=addf7cf5f383a3101ecfba091b98d0a1263dc9b8",
      "name": "python3-3.13.9",
      "pname": "python313",
      "rev": "addf7cf5f383a3101ecfba091b98d0a1263dc9b8",
      "rev_count": 908783,
      "rev_date": "2025-12-08T09:27:56Z",
      "scrape_date": "2025-12-10T02:55:39.947245Z",
      "stabilities": [
        "unstable"
      ],
      "unfree": false,
      "version": "python3-3.13.9",
      "outputs_to_install": [
        "out"
      ],
      "outputs": {
        "out": "/nix/store/xcjk9ill54kjk8mzgq6yydnx9015lidg-python3-3.13.9"
      },
      "system": "aarch64-darwin",
      "group": "toplevel",
      "priority": 5
    },
    {
      "attr_path": "python313",
      "broken": false,
      "derivation": "/nix/store/rvai2n2kh5hp0npd4vzkx5hnydjzz5q0-python3-3.13.9.drv",
      "description": "High-level dynamically-typed programming language",
      "install_id": "python313",
      "license": "Python-2.0",
      "locked_url": "https://github.com/flox/nixpkgs?rev=addf7cf5f383a3101ecfba091b98d0a1263dc9b8",
      "name": "python3-3.13.9",
      "pname": "python313",
      "rev": "addf7cf5f383a3101ecfba091b98d0a1263dc9b8",
      "rev_count": 908783,
      "rev_date": "2025-12-08T09:27:56Z",
      "scrape_date": "2025-12-10T03:05:22.564465Z",
      "stabilities": [
        "unstable"
      ],
      "unfree": false,
      "version": "python3-3.13.9",
      "outputs_to_install": [
        "out"
      ],
      "outputs": {
        "debug": "/nix/store/zls66rgq3hk2i6xxf8cb8nx24b906jz2-python3-3.13.9-debug",
        "out": "/nix/store/zc0vzc0vp0amc9iqm3cd542bmim6vh09-python3-3.13.9"
      },
      "system": "aarch64-linux",
      "group": "toplevel",
      "priority": 5
    },
    {
      "attr_path": "python313",
      "broken": false,
      "derivation": "/nix/store/279kknx42xxmlgwc4fg87270f5qj87c1-python3-3.13.9.drv",
      "description": "High-level dynamically-typed programming language",
      "install_id": "python313",
      "license": "Python-2.0",
      "locked_url": "https://github.com/flox/nixpkgs?rev=addf7cf5f383a3101ecfba091b98d0a1263dc9b8",
      "name": "python3-3.13.9",
      "pname": "python313",
      "rev": "addf7cf5f383a3101ecfba091b98d0a1263dc9b8",
      "rev_count": 908783,
      "rev_date": "2025-12-08T09:27:56Z",
      "scrape_date": "2025-12-10T03:14:57.822070Z",
      "stabilities": [
        "unstable"
      ],
      "unfree": false,
      "version": "python3-3.13.9",
      "outputs_to_install": [
        "out"
      ],
      "outputs": {
        "out": "/nix/store/84s01mzl74vh69aphpl3rf07pp49pkz0-python3-3.13.9"
      },
      "system": "x86_64-darwin",
      "group": "toplevel",
      "priority": 5
    },
    {
      "attr_path": "python313",
      "broken": false,
      "derivation": "/nix/store/81f6r9031fpmpv61kf8cq4p8b11xj2ks-python3-3.13.9.drv",
      "description": "High-level dynamically-typed programming language",
      "install_id": "python313",
      "license": "Python-2.0",
      "locked_url": "https://github.com/flox/nixpkgs?rev=addf7cf5f383a3101ecfba091b98d0a1263dc9b8",
      "name": "python3-3.13.9",
      "pname": "python313",
      "rev": "addf7cf5f383a3101ecfba091b98d0a1263dc9b8",
      "rev_count": 908783,
      "rev_date": "2025-12-08T09:27:56Z",
      "scrape_date": "2025-12-10T03:24:49.140224Z",
      "stabilities": [
        "unstable"
      ],
      "unfree": false,
      "version": "python3-3.13.9",
      "outputs_to_install": [
        "out"
      ],
      "outputs": {
        "debug": "/nix/store/7x8mp12az19wzadrdhjvrp731m9m3lpb-python3-3.13.9-debug",
        "out": "/nix/store/3lll9y925zz9393sa59h653xik66srjb-python3-3.13.9"
      },
      "system": "x86_64-linux",
      "group": "toplevel",
      "priority": 5
    },
    {
      "attr_path": "uv",
      "broken": false,
      "derivation": "/nix/store/cypg31kavj8d2f05l074bpckavpylcwc-uv-0.9.15.drv",
      "description": "Extremely fast Python package installer and resolver, written in Rust",
      "install_id": "uv",
      "license": "[ Apache-2.0, MIT ]",
      "locked_url": "https://github.com/flox/nixpkgs?rev=addf7cf5f383a3101ecfba091b98d0a1263dc9b8",
      "name": "uv-0.9.15",
      "pname": "uv",
      "rev": "addf7cf5f383a3101ecfba091b98d0a1263dc9b8",
      "rev_count": 908783,
      "rev_date": "2025-12-08T09:27:56Z",
      "scrape_date": "2025-12-10T02:56:59.081062Z",
      "stabilities": [
        "unstable"
      ],
      "unfree": false,
      "version": "0.9.15",
      "outputs_to_install": [
        "out"
      ],
      "outputs": {
        "out": "/nix/store/ygjvbgmlcwcsn49h6iqmv1zb63945fil-uv-0.9.15"
      },
      "system": "aarch64-darwin",
      "group": "toplevel",
      "priority": 5
    },
    {
      "attr_path": "uv",
      "broken": false,
      "derivation": "/nix/store/9gprkj36z4dh6rw1yavf35grs211acg8-uv-0.9.15.drv",
      "description": "Extremely fast Python package installer and resolver, written in Rust",
      "install_id": "uv",
      "license": "[ Apache-2.0, MIT ]",
      "locked_url": "https://github.com/flox/nixpkgs?rev=addf7cf5f383a3101ecfba091b98d0a1263dc9b8",
      "name": "uv-0.9.15",
      "pname": "uv",
      "rev": "addf7cf5f383a3101ecfba091b98d0a1263dc9b8",
      "rev_count": 908783,
      "rev_date": "2025-12-08T09:27:56Z",
      "scrape_date": "2025-12-10T03:07:11.445415Z",
      "stabilities": [
        "unstable"
      ],
      "unfree": false,
      "version": "0.9.15",
      "outputs_to_install": [
        "out"
      ],
      "outputs": {
        "out": "/nix/store/ixkl2madqd89qy5yhhr963pq5jdlffwx-uv-0.9.15"
      },
      "system": "aarch64-linux",
      "group": "toplevel",
      "priority": 5
    },
    {
      "attr_path": "uv",
      "broken": false,
      "derivation": "/nix/store/8qjrnz1y5al2mr9xjvlrq1dj9zxb48qj-uv-0.9.15.drv",
      "description": "Extremely fast Python package installer and resolver, written in Rust",
      "install_id": "uv",
      "license": "[ Apache-2.0, MIT ]",
      "locked_url": "https://github.com/flox/nixpkgs?rev=addf7cf5f383a3101ecfba091b98d0a1263dc9b8",
      "name": "uv-0.9.15",
      "pname": "uv",
      "rev": "addf7cf5f383a3101ecfba091b98d0a1263dc9b8",
      "rev_count": 908783,
      "rev_date": "2025-12-08T09:27:56Z",
      "scrape_date": "2025-12-10T03:16:24.961386Z",
      "stabilities": [
        "unstable"
      ],
      "unfree": false,
      "version": "0.9.15",
      "outputs_to_install": [
        "out"
      ],
      "outputs": {
        "out": "/nix/store/94x53a87w6dhzpbhqbyylwpax4cy6kp8-uv-0.9.15"
      },
      "system": "x86_64-darwin",
      "group": "toplevel",
      "priority": 5
    },
    {
      "attr_path": "uv",
      "broken": false,
      "derivation": "/nix/store/k3c1wqg5bmymhscwcxrfl42gd7i9vki3-uv-0.9.15.drv",
      "description": "Extremely fast Python package installer and resolver, written in Rust",
      "install_id": "uv",
      "license": "[ Apache-2.0, MIT ]",
      "locked_url": "https://github.com/flox/nixpkgs?rev=addf7cf5f383a3101ecfba091b98d0a1263dc9b8",
      "name": "uv-0.9.15",
      "pname": "uv",
      "rev": "addf7cf5f383a3101ecfba091b98d0a1263dc9b8",
      "rev_count": 908783,
      "rev_date": "2025-12-08T09:27:56Z",
      "scrape_date": "2025-12-10T03:26:41.582574Z",
      "stabilities": [
        "unstable"
      ],
      "unfree": false,
      "version": "0.9.15",
      "outputs_to_install": [
        "out"
      ],
      "outputs": {
        "out": "/nix/store/qpjjd520lh2pjif58wmlrjd4a5mmm55w-uv-0.9.15"
      },
      "system": "x86_64-linux",
      "group": "toplevel",
      "priority": 5
    }
  ]
}
